
Microsoft Visual Studio Solution File, Format Version 12.00
# Visual Studio Version 17
VisualStudioVersion = 17.5.33530.505
MinimumVisualStudioVersion = 10.0.40219.1
Project("{FAE04EC0-301F-11D3-BF4B-00C04F79EFBC}") = "Image2PGM Converter", "Image2PGM Converter\Image2PGM Converter.csproj", "{4FF969DC-150D-48C1-BEED-8A20FAE1B20B}"
EndProject
Project("{54435603-DBB4-11D2-8724-00A0C9A8B90C}") = "Image2PGM", "Image2PGM\Image2PGM.vdproj", "{F78D5B61-6EC5-464D-9165-8DD3BC620C29}"
EndProject
Global
	GlobalSection(SolutionConfigurationPlatforms) = preSolution
		Debug|Any CPU = Debug|Any CPU
		Release|Any CPU = Release|Any CPU
	EndGlobalSection
	GlobalSection(ProjectConfigurationPlatforms) = postSolution
		{4FF969DC-150D-48C1-BEED-8A20FAE1B20B}.Debug|Any CPU.ActiveCfg = Debug|Any CPU
		{4FF969DC-150D-48C1-BEED-8A20FAE1B20B}.Debug|Any CPU.Build.0 = Debug|Any CPU
		{4FF969DC-150D-48C1-BEED-8A20FAE1B20B}.Release|Any CPU.ActiveCfg = Release|Any CPU
		{4FF969DC-150D-48C1-BEED-8A20FAE1B20B}.Release|Any CPU.Build.0 = Release|Any CPU
		{F78D5B61-6EC5-464D-9165-8DD3BC620C29}.Debug|Any CPU.ActiveCfg = Debug
		{F78D5B61-6EC5-464D-9165-8DD3BC620C29}.Release|Any CPU.ActiveCfg = Release
	EndGlobalSection
	GlobalSection(SolutionProperties) = preSolution
		HideSolutionNode = FALSE
	EndGlobalSection
	GlobalSection(ExtensibilityGlobals) = postSolution
		SolutionGuid = {BCF7F909-0692-43FB-801C-46D387776230}
	EndGlobalSection
EndGlobal
